
Microsoft Visual Studio Solution File, Format Version 12.00
# Visual Studio Version 16
VisualStudioVersion = 16.0.30804.86
MinimumVisualStudioVersion = 10.0.40219.1
Project("{FAE04EC0-301F-11D3-BF4B-00C04F79EFBC}") = "Discount.Calculator", "Discount.Calculator\Discount.Calculator.csproj", "{8E26DB7A-1634-4857-9861-A7C5380EA20D}"
EndProject
Project("{FAE04EC0-301F-11D3-BF4B-00C04F79EFBC}") = "Discount.Calculator.Service", "Discount.Calculator.Service\Discount.Calculator.Service.csproj", "{CD487364-4C4A-413B-9BC0-AA75A7166E13}"
EndProject
Project("{FAE04EC0-301F-11D3-BF4B-00C04F79EFBC}") = "Discount.Calculator.Models", "Discount.Calculator.Logger\Discount.Calculator.Models.csproj", "{2886DC3A-F567-4D30-846B-ECF148668673}"
EndProject
Project("{FAE04EC0-301F-11D3-BF4B-00C04F79EFBC}") = "Discount.Calculation.Helpers", "Discount.Calculation.Helpers\Discount.Calculation.Helpers.csproj", "{2A28F2A0-BF5B-4A0C-A3E3-01FAA6B13E7C}"
EndProject
Project("{FAE04EC0-301F-11D3-BF4B-00C04F79EFBC}") = "Discount.Calculator.Data", "Discount.Calculator.Data\Discount.Calculator.Data.csproj", "{0BE9BE66-9DBD-439C-822D-52258267380E}"
EndProject
Project("{FAE04EC0-301F-11D3-BF4B-00C04F79EFBC}") = "Discount.Calculator.Tests", "Discount.Calculator.Tests\Discount.Calculator.Tests.csproj", "{12CCBC41-0D2E-4077-B566-BED18411F183}"
EndProject
Global
	GlobalSection(SolutionConfigurationPlatforms) = preSolution
		Debug|Any CPU = Debug|Any CPU
		Release|Any CPU = Release|Any CPU
	EndGlobalSection
	GlobalSection(ProjectConfigurationPlatforms) = postSolution
		{8E26DB7A-1634-4857-9861-A7C5380EA20D}.Debug|Any CPU.ActiveCfg = Debug|Any CPU
		{8E26DB7A-1634-4857-9861-A7C5380EA20D}.Debug|Any CPU.Build.0 = Debug|Any CPU
		{8E26DB7A-1634-4857-9861-A7C5380EA20D}.Release|Any CPU.ActiveCfg = Release|Any CPU
		{8E26DB7A-1634-4857-9861-A7C5380EA20D}.Release|Any CPU.Build.0 = Release|Any CPU
		{CD487364-4C4A-413B-9BC0-AA75A7166E13}.Debug|Any CPU.ActiveCfg = Debug|Any CPU
		{CD487364-4C4A-413B-9BC0-AA75A7166E13}.Debug|Any CPU.Build.0 = Debug|Any CPU
		{CD487364-4C4A-413B-9BC0-AA75A7166E13}.Release|Any CPU.ActiveCfg = Release|Any CPU
		{CD487364-4C4A-413B-9BC0-AA75A7166E13}.Release|Any CPU.Build.0 = Release|Any CPU
		{2886DC3A-F567-4D30-846B-ECF148668673}.Debug|Any CPU.ActiveCfg = Debug|Any CPU
		{2886DC3A-F567-4D30-846B-ECF148668673}.Debug|Any CPU.Build.0 = Debug|Any CPU
		{2886DC3A-F567-4D30-846B-ECF148668673}.Release|Any CPU.ActiveCfg = Release|Any CPU
		{2886DC3A-F567-4D30-846B-ECF148668673}.Release|Any CPU.Build.0 = Release|Any CPU
		{2A28F2A0-BF5B-4A0C-A3E3-01FAA6B13E7C}.Debug|Any CPU.ActiveCfg = Debug|Any CPU
		{2A28F2A0-BF5B-4A0C-A3E3-01FAA6B13E7C}.Debug|Any CPU.Build.0 = Debug|Any CPU
		{2A28F2A0-BF5B-4A0C-A3E3-01FAA6B13E7C}.Release|Any CPU.ActiveCfg = Release|Any CPU
		{2A28F2A0-BF5B-4A0C-A3E3-01FAA6B13E7C}.Release|Any CPU.Build.0 = Release|Any CPU
		{0BE9BE66-9DBD-439C-822D-52258267380E}.Debug|Any CPU.ActiveCfg = Debug|Any CPU
		{0BE9BE66-9DBD-439C-822D-52258267380E}.Debug|Any CPU.Build.0 = Debug|Any CPU
		{0BE9BE66-9DBD-439C-822D-52258267380E}.Release|Any CPU.ActiveCfg = Release|Any CPU
		{0BE9BE66-9DBD-439C-822D-52258267380E}.Release|Any CPU.Build.0 = Release|Any CPU
		{12CCBC41-0D2E-4077-B566-BED18411F183}.Debug|Any CPU.ActiveCfg = Debug|Any CPU
		{12CCBC41-0D2E-4077-B566-BED18411F183}.Debug|Any CPU.Build.0 = Debug|Any CPU
		{12CCBC41-0D2E-4077-B566-BED18411F183}.Release|Any CPU.ActiveCfg = Release|Any CPU
		{12CCBC41-0D2E-4077-B566-BED18411F183}.Release|Any CPU.Build.0 = Release|Any CPU
	EndGlobalSection
	GlobalSection(SolutionProperties) = preSolution
		HideSolutionNode = FALSE
	EndGlobalSection
	GlobalSection(ExtensibilityGlobals) = postSolution
		SolutionGuid = {99F7A785-B0EF-4B4B-B5D4-A2962E000105}
	EndGlobalSection
EndGlobal
